
Microsoft Visual Studio Solution File, Format Version 12.00
# Visual Studio Version 17
VisualStudioVersion = 17.13.35825.156
MinimumVisualStudioVersion = 10.0.40219.1
Project("{FAE04EC0-301F-11D3-BF4B-00C04F79EFBC}") = "BackpackProblem", "BackpackProblem\BackpackProblem.csproj", "{54438832-1794-493F-91E5-95D298F4FC49}"
EndProject
Project("{FAE04EC0-301F-11D3-BF4B-00C04F79EFBC}") = "TestProject1", "TestProject1\TestProject1.csproj", "{FD0F0EA5-BEDA-45CF-A65B-3F5AB6693EBD}"
EndProject
Project("{FAE04EC0-301F-11D3-BF4B-00C04F79EFBC}") = "WinFormsApp1", "WinFormsApp1\WinFormsApp1.csproj", "{595811A1-C40D-43E3-A475-87043B8A09E1}"
EndProject
Global
	GlobalSection(SolutionConfigurationPlatforms) = preSolution
		Debug|Any CPU = Debug|Any CPU
		Release|Any CPU = Release|Any CPU
	EndGlobalSection
	GlobalSection(ProjectConfigurationPlatforms) = postSolution
		{54438832-1794-493F-91E5-95D298F4FC49}.Debug|Any CPU.ActiveCfg = Debug|Any CPU
		{54438832-1794-493F-91E5-95D298F4FC49}.Debug|Any CPU.Build.0 = Debug|Any CPU
		{54438832-1794-493F-91E5-95D298F4FC49}.Release|Any CPU.ActiveCfg = Release|Any CPU
		{54438832-1794-493F-91E5-95D298F4FC49}.Release|Any CPU.Build.0 = Release|Any CPU
		{FD0F0EA5-BEDA-45CF-A65B-3F5AB6693EBD}.Debug|Any CPU.ActiveCfg = Debug|Any CPU
		{FD0F0EA5-BEDA-45CF-A65B-3F5AB6693EBD}.Debug|Any CPU.Build.0 = Debug|Any CPU
		{FD0F0EA5-BEDA-45CF-A65B-3F5AB6693EBD}.Release|Any CPU.ActiveCfg = Release|Any CPU
		{FD0F0EA5-BEDA-45CF-A65B-3F5AB6693EBD}.Release|Any CPU.Build.0 = Release|Any CPU
		{595811A1-C40D-43E3-A475-87043B8A09E1}.Debug|Any CPU.ActiveCfg = Debug|Any CPU
		{595811A1-C40D-43E3-A475-87043B8A09E1}.Debug|Any CPU.Build.0 = Debug|Any CPU
		{595811A1-C40D-43E3-A475-87043B8A09E1}.Release|Any CPU.ActiveCfg = Release|Any CPU
		{595811A1-C40D-43E3-A475-87043B8A09E1}.Release|Any CPU.Build.0 = Release|Any CPU
	EndGlobalSection
	GlobalSection(SolutionProperties) = preSolution
		HideSolutionNode = FALSE
	EndGlobalSection
	GlobalSection(ExtensibilityGlobals) = postSolution
		SolutionGuid = {02EA75AB-761A-47AE-A0A7-59B102B9F20E}
	EndGlobalSection
EndGlobal
