
Microsoft Visual Studio Solution File, Format Version 12.00
# Visual Studio Version 17
VisualStudioVersion = 17.13.35825.156 d17.13
MinimumVisualStudioVersion = 10.0.40219.1
Project("{FAE04EC0-301F-11D3-BF4B-00C04F79EFBC}") = "fizzbuzz", "fizzbuzz\fizzbuzz.csproj", "{68BD7F15-9B9E-4130-9AA8-5AD488A6B40C}"
EndProject
Global
	GlobalSection(SolutionConfigurationPlatforms) = preSolution
		Debug|Any CPU = Debug|Any CPU
		Release|Any CPU = Release|Any CPU
	EndGlobalSection
	GlobalSection(ProjectConfigurationPlatforms) = postSolution
		{68BD7F15-9B9E-4130-9AA8-5AD488A6B40C}.Debug|Any CPU.ActiveCfg = Debug|Any CPU
		{68BD7F15-9B9E-4130-9AA8-5AD488A6B40C}.Debug|Any CPU.Build.0 = Debug|Any CPU
		{68BD7F15-9B9E-4130-9AA8-5AD488A6B40C}.Release|Any CPU.ActiveCfg = Release|Any CPU
		{68BD7F15-9B9E-4130-9AA8-5AD488A6B40C}.Release|Any CPU.Build.0 = Release|Any CPU
	EndGlobalSection
	GlobalSection(SolutionProperties) = preSolution
		HideSolutionNode = FALSE
	EndGlobalSection
	GlobalSection(ExtensibilityGlobals) = postSolution
		SolutionGuid = {34318B83-1F29-459D-A2C6-164BF81B7140}
	EndGlobalSection
EndGlobal
